<?xml version="1.0" encoding="utf-8"?>
<Project ToolsVersion="4.0" xmlns="http://schemas.microsoft.com/developer/msbuild/2003">
  <ItemGroup>
    <Filter Include="Source Files">
      <UniqueIdentifier>{4FC737F1-C7A5-4376-A066-2A32D752A2FF}</UniqueIdentifier>
      <Extensions>cpp;c;cc;cxx;c++;cppm;ixx;def;odl;idl;hpj;bat;asm;asmx</Extensions>
    </Filter>
    <Filter Include="Header Files">
      <UniqueIdentifier>{93995380-89BD-4b04-88EB-625FBE52EBFB}</UniqueIdentifier>
      <Extensions>h;hh;hpp;hxx;h++;hm;inl;inc;ipp;xsd</Extensions>
    </Filter>
    <Filter Include="Resource Files">
      <UniqueIdentifier>{67DA6AB6-F800-4c08-8B7A-83BB121AAD01}</UniqueIdentifier>
      <Extensions>rc;ico;cur;bmp;dlg;rc2;rct;bin;rgs;gif;jpg;jpeg;jpe;resx;tiff;tif;png;wav;mfcribbon-ms</Extensions>
    </Filter>
    <Filter Include="algo">
      <UniqueIdentifier>{5464ec48-8439-4866-b104-8f387649a83e}</UniqueIdentifier>
    </Filter>
    <Filter Include="algo\odo">
      <UniqueIdentifier>{1e026e4a-203f-4e92-9c00-d0f1d0b1c667}</UniqueIdentifier>
    </Filter>
  </ItemGroup>
  <ItemGroup>
    <ClCompile Include="..\cpu-miner.c">
      <Filter>Source Files</Filter>
    </ClCompile>
    <ClCompile Include="..\algo\sha\sha256d.c">
      <Filter>algo</Filter>
    </ClCompile>
    <ClCompile Include="..\compat\getopt\getopt_long.c">
      <Filter>algo</Filter>
    </ClCompile>
    <ClCompile Include="..\algo\sha\sha256.c">
      <Filter>algo</Filter>
    </ClCompile>
    <ClCompile Include="..\api.c">
      <Filter>Source Files</Filter>
    </ClCompile>
    <ClCompile Include="..\util.c">
      <Filter>Source Files</Filter>
    </ClCompile>
    <ClCompile Include="..\compat\winansi.c">
      <Filter>Source Files</Filter>
    </ClCompile>
    <ClCompile Include="..\algo-gate-api.c">
      <Filter>Source Files</Filter>
    </ClCompile>
    <ClCompile Include="..\algo\qubit\qubit-gate.c">
      <Filter>Source Files</Filter>
    </ClCompile>
    <ClCompile Include="..\algo\qubit\qubit.c">
      <Filter>algo</Filter>
    </ClCompile>
    <ClCompile Include="..\algo\luffa\luffa_for_sse2.c">
      <Filter>algo</Filter>
    </ClCompile>
    <ClCompile Include="..\algo\cubehash\cubehash_sse2.c">
      <Filter>algo</Filter>
    </ClCompile>
    <ClCompile Include="..\algo\shavite\sph_shavite.c">
      <Filter>algo</Filter>
    </ClCompile>
    <ClCompile Include="..\algo\echo\sph_echo.c">
      <Filter>algo</Filter>
    </ClCompile>
    <ClCompile Include="..\algo\simd\nist.c">
      <Filter>algo</Filter>
    </ClCompile>
    <ClCompile Include="..\algo\simd\vector.c">
      <Filter>algo</Filter>
    </ClCompile>
    <ClCompile Include="..\algo\scrypt\scrypt.c">
      <Filter>algo</Filter>
    </ClCompile>
    <ClCompile Include="..\malloc-huge.c">
      <Filter>Source Files</Filter>
    </ClCompile>
    <ClCompile Include="..\algo\sha\sph_sha2.c">
      <Filter>algo</Filter>
    </ClCompile>
    <ClCompile Include="..\algo\scrypt\scrypt-core-4way.c">
      <Filter>algo</Filter>
    </ClCompile>
    <ClCompile Include="..\algo\sha\sha256-hash-4way.c">
      <Filter>algo</Filter>
    </ClCompile>
    <ClCompile Include="..\algo\sha\sha256d-4way.c">
      <Filter>algo</Filter>
    </ClCompile>
    <ClCompile Include="..\algo\sha\sha256dt.c">
      <Filter>algo</Filter>
    </ClCompile>
    <ClCompile Include="..\algo\sha\sha256t-gate.c">
      <Filter>algo</Filter>
    </ClCompile>
    <ClCompile Include="..\algo\sha\sha256t-4way.c">
      <Filter>algo</Filter>
    </ClCompile>
    <ClCompile Include="..\algo\sha\sha256q-4way.c">
      <Filter>algo</Filter>
    </ClCompile>
    <ClCompile Include="..\algo\skein\skein-gate.c">
      <Filter>algo</Filter>
    </ClCompile>
    <ClCompile Include="..\algo\skein\skein2.c">
      <Filter>Source Files</Filter>
    </ClCompile>
    <ClCompile Include="..\algo\skein\skein-4way.c">
      <Filter>Source Files</Filter>
    </ClCompile>
    <ClCompile Include="..\algo\skein\skein.c">
      <Filter>algo</Filter>
    </ClCompile>
    <ClCompile Include="..\algo\skein\sph_skein.c">
      <Filter>Source Files</Filter>
    </ClCompile>
    <ClCompile Include="..\algo\odo\KeccakP-800-reference.cpp">
      <Filter>algo\odo</Filter>
    </ClCompile>
    <ClCompile Include="..\algo\odo\odo.cpp">
      <Filter>algo\odo</Filter>
    </ClCompile>
    <ClCompile Include="..\algo\odo\odocrypt.cpp">
      <Filter>algo\odo</Filter>
    </ClCompile>
  </ItemGroup>
  <ItemGroup>
    <ClInclude Include="..\algo-gate-api.h">
      <Filter>Header Files</Filter>
    </ClInclude>
    <ClInclude Include="..\bitcoin-config.h">
      <Filter>Header Files</Filter>
    </ClInclude>
    <ClInclude Include="..\compat.h">
      <Filter>Header Files</Filter>
    </ClInclude>
    <ClInclude Include="..\malloc-huge.h">
      <Filter>Header Files</Filter>
    </ClInclude>
    <ClInclude Include="..\miner.h">
      <Filter>Header Files</Filter>
    </ClInclude>
    <ClInclude Include="..\algo\sha\sha256d.h">
      <Filter>algo</Filter>
    </ClInclude>
    <ClInclude Include="..\compat\getopt\getopt.h">
      <Filter>algo</Filter>
    </ClInclude>
    <ClInclude Include="..\algo\sha\sha256.h">
      <Filter>algo</Filter>
    </ClInclude>
    <ClInclude Include="..\simd-utils\intrlv.h">
      <Filter>Header Files</Filter>
    </ClInclude>
    <ClInclude Include="..\simd-utils\simd-128.h">
      <Filter>Header Files</Filter>
    </ClInclude>
    <ClInclude Include="..\simd-utils\simd-int.h">
      <Filter>Header Files</Filter>
    </ClInclude>
    <ClInclude Include="..\algo\qubit\qubit-gate.h">
      <Filter>Header Files</Filter>
    </ClInclude>
    <ClInclude Include="..\algo\luffa\luffa_for_sse2.h">
      <Filter>algo</Filter>
    </ClInclude>
    <ClInclude Include="..\algo\cubehash\cubehash_sse2.h">
      <Filter>algo</Filter>
    </ClInclude>
    <ClInclude Include="..\algo\shavite\sph_shavite.h">
      <Filter>algo</Filter>
    </ClInclude>
    <ClInclude Include="..\algo\echo\sph_echo.h">
      <Filter>algo</Filter>
    </ClInclude>
    <ClInclude Include="..\algo\simd\nist.h">
      <Filter>algo</Filter>
    </ClInclude>
    <ClInclude Include="..\algo\simd\vector.h">
      <Filter>algo</Filter>
    </ClInclude>
    <ClInclude Include="..\algo\sha\sph_sha2.h">
      <Filter>algo</Filter>
    </ClInclude>
    <ClInclude Include="..\algo\sha\sha256d-4way.h">
      <Filter>algo</Filter>
    </ClInclude>
    <ClInclude Include="..\algo\sha\sha256t-gate.h">
      <Filter>algo</Filter>
    </ClInclude>
    <ClInclude Include="..\algo\skein\skein-gate.h">
      <Filter>Header Files</Filter>
    </ClInclude>
    <ClInclude Include="..\algo\odo\brg_endian.h">
      <Filter>algo\odo</Filter>
    </ClInclude>
    <ClInclude Include="..\algo\odo\KeccakP-800-SnP.h">
      <Filter>algo\odo</Filter>
    </ClInclude>
    <ClInclude Include="..\algo\odo\odocrypt.h">
      <Filter>algo\odo</Filter>
    </ClInclude>
  </ItemGroup>
</Project>